
Microsoft Visual Studio Solution File, Format Version 12.00
# Visual Studio Version 17
VisualStudioVersion = 17.3.32901.215
MinimumVisualStudioVersion = 10.0.40219.1
Project("{FAE04EC0-301F-11D3-BF4B-00C04F79EFBC}") = "Strings", "Strings\Strings.csproj", "{007F28C6-875D-4411-9562-AAA355BACDBD}"
EndProject
Global
	GlobalSection(SolutionConfigurationPlatforms) = preSolution
		Debug|Any CPU = Debug|Any CPU
		Release|Any CPU = Release|Any CPU
	EndGlobalSection
	GlobalSection(ProjectConfigurationPlatforms) = postSolution
		{007F28C6-875D-4411-9562-AAA355BACDBD}.Debug|Any CPU.ActiveCfg = Debug|Any CPU
		{007F28C6-875D-4411-9562-AAA355BACDBD}.Debug|Any CPU.Build.0 = Debug|Any CPU
		{007F28C6-875D-4411-9562-AAA355BACDBD}.Release|Any CPU.ActiveCfg = Release|Any CPU
		{007F28C6-875D-4411-9562-AAA355BACDBD}.Release|Any CPU.Build.0 = Release|Any CPU
	EndGlobalSection
	GlobalSection(SolutionProperties) = preSolution
		HideSolutionNode = FALSE
	EndGlobalSection
	GlobalSection(ExtensibilityGlobals) = postSolution
		SolutionGuid = {C6412FED-5DEA-497F-852A-1F79EF39CB50}
	EndGlobalSection
EndGlobal
